
Microsoft Visual Studio Solution File, Format Version 12.00
# Visual Studio Version 16
VisualStudioVersion = 16.0.30907.101
MinimumVisualStudioVersion = 10.0.40219.1
Project("{9A19103F-16F7-4668-BE54-9A1E7A4F7556}") = "Tournament Life", "LiveTracker\Tournament Life.csproj", "{252914C9-3433-4847-AFB9-8CD0C8F1DA76}"
EndProject
Global
	GlobalSection(SolutionConfigurationPlatforms) = preSolution
		Debug|Any CPU = Debug|Any CPU
		Release|Any CPU = Release|Any CPU
	EndGlobalSection
	GlobalSection(ProjectConfigurationPlatforms) = postSolution
		{252914C9-3433-4847-AFB9-8CD0C8F1DA76}.Debug|Any CPU.ActiveCfg = Debug|Any CPU
		{252914C9-3433-4847-AFB9-8CD0C8F1DA76}.Debug|Any CPU.Build.0 = Debug|Any CPU
		{252914C9-3433-4847-AFB9-8CD0C8F1DA76}.Release|Any CPU.ActiveCfg = Release|Any CPU
		{252914C9-3433-4847-AFB9-8CD0C8F1DA76}.Release|Any CPU.Build.0 = Release|Any CPU
	EndGlobalSection
	GlobalSection(SolutionProperties) = preSolution
		HideSolutionNode = FALSE
	EndGlobalSection
	GlobalSection(ExtensibilityGlobals) = postSolution
		SolutionGuid = {E0FE45AA-9B07-4D3E-95FE-09E4A20FA27A}
	EndGlobalSection
EndGlobal
